
Microsoft Visual Studio Solution File, Format Version 12.00
# Visual Studio Version 17
VisualStudioVersion = 17.9.34622.214
MinimumVisualStudioVersion = 10.0.40219.1
Project("{FAE04EC0-301F-11D3-BF4B-00C04F79EFBC}") = "WebApplication3", "WebApplication3\WebApplication3.csproj", "{CA99BB08-43DE-4985-8500-E8BB395F975A}"
EndProject
Global
	GlobalSection(SolutionConfigurationPlatforms) = preSolution
		Debug|Any CPU = Debug|Any CPU
		Release|Any CPU = Release|Any CPU
	EndGlobalSection
	GlobalSection(ProjectConfigurationPlatforms) = postSolution
		{CA99BB08-43DE-4985-8500-E8BB395F975A}.Debug|Any CPU.ActiveCfg = Debug|Any CPU
		{CA99BB08-43DE-4985-8500-E8BB395F975A}.Debug|Any CPU.Build.0 = Debug|Any CPU
		{CA99BB08-43DE-4985-8500-E8BB395F975A}.Release|Any CPU.ActiveCfg = Release|Any CPU
		{CA99BB08-43DE-4985-8500-E8BB395F975A}.Release|Any CPU.Build.0 = Release|Any CPU
	EndGlobalSection
	GlobalSection(SolutionProperties) = preSolution
		HideSolutionNode = FALSE
	EndGlobalSection
	GlobalSection(ExtensibilityGlobals) = postSolution
		SolutionGuid = {E33600A2-C9D8-4436-A143-A387AACE577A}
	EndGlobalSection
EndGlobal
